// !$*UTF8*$!
{
	archiveVersion = 1;
	classes = {
	};
	objectVersion = 56;
	objects = {

/* Begin PBXBuildFile section */
		B8D421922AB98BB400749F43 /* SwiftNotesApp.swift in Sources */ = {isa = PBXBuildFile; fileRef = B8D421912AB98BB400749F43 /* SwiftNotesApp.swift */; };
		B8D421942AB98BB400749F43 /* ContentView.swift in Sources */ = {isa = PBXBuildFile; fileRef = B8D421932AB98BB400749F43 /* ContentView.swift */; };
		B8D421962AB98BB400749F43 /* Note.swift in Sources */ = {isa = PBXBuildFile; fileRef = B8D421952AB98BB400749F43 /* Note.swift */; };
		B8D421982AB98BB500749F43 /* Assets.xcassets in Resources */ = {isa = PBXBuildFile; fileRef = B8D421972AB98BB500749F43 /* Assets.xcassets */; };
		B8D4219C2AB98BB500749F43 /* Preview Assets.xcassets in Resources */ = {isa = PBXBuildFile; fileRef = B8D4219B2AB98BB500749F43 /* Preview Assets.xcassets */; };
		B8D421A72AB98BB500749F43 /* SwiftNotesTests.swift in Sources */ = {isa = PBXBuildFile; fileRef = B8D421A62AB98BB500749F43 /* SwiftNotesTests.swift */; };
		B8D421B12AB98BB500749F43 /* SwiftNotesUITests.swift in Sources */ = {isa = PBXBuildFile; fileRef = B8D421B02AB98BB500749F43 /* SwiftNotesUITests.swift */; };
		B8D421B32AB98BB500749F43 /* SwiftNotesUITestsLaunchTests.swift in Sources */ = {isa = PBXBuildFile; fileRef = B8D421B22AB98BB500749F43 /* SwiftNotesUITestsLaunchTests.swift */; };
		B8D421C02AB98F5900749F43 /* DetailNoteView.swift in Sources */ = {isa = PBXBuildFile; fileRef = B8D421BF2AB98F5900749F43 /* DetailNoteView.swift */; };
/* End PBXBuildFile section */

/* Begin PBXContainerItemProxy section */
		B8D421A32AB98BB500749F43 /* PBXContainerItemProxy */ = {
			isa = PBXContainerItemProxy;
			containerPortal = B8D421862AB98BB300749F43 /* Project object */;
			proxyType = 1;
			remoteGlobalIDString = B8D4218D2AB98BB400749F43;
			remoteInfo = SwiftNotes;
		};
		B8D421AD2AB98BB500749F43 /* PBXContainerItemProxy */ = {
			isa = PBXContainerItemProxy;
			containerPortal = B8D421862AB98BB300749F43 /* Project object */;
			proxyType = 1;
			remoteGlobalIDString = B8D4218D2AB98BB400749F43;
			remoteInfo = SwiftNotes;
		};
/* End PBXContainerItemProxy section */

/* Begin PBXFileReference section */
		B8D4218E2AB98BB400749F43 /* SwiftNotes.app */ = {isa = PBXFileReference; explicitFileType = wrapper.application; includeInIndex = 0; path = SwiftNotes.app; sourceTree = BUILT_PRODUCTS_DIR; };
		B8D421912AB98BB400749F43 /* SwiftNotesApp.swift */ = {isa = PBXFileReference; lastKnownFileType = sourcecode.swift; path = SwiftNotesApp.swift; sourceTree = "<group>"; };
		B8D421932AB98BB400749F43 /* ContentView.swift */ = {isa = PBXFileReference; lastKnownFileType = sourcecode.swift; path = ContentView.swift; sourceTree = "<group>"; };
		B8D421952AB98BB400749F43 /* Note.swift */ = {isa = PBXFileReference; lastKnownFileType = sourcecode.swift; path = Note.swift; sourceTree = "<group>"; };
		B8D421972AB98BB500749F43 /* Assets.xcassets */ = {isa = PBXFileReference; lastKnownFileType = folder.assetcatalog; path = Assets.xcassets; sourceTree = "<group>"; };
		B8D421992AB98BB500749F43 /* SwiftNotes.entitlements */ = {isa = PBXFileReference; lastKnownFileType = text.plist.entitlements; path = SwiftNotes.entitlements; sourceTree = "<group>"; };
		B8D4219B2AB98BB500749F43 /* Preview Assets.xcassets */ = {isa = PBXFileReference; lastKnownFileType = folder.assetcatalog; path = "Preview Assets.xcassets"; sourceTree = "<group>"; };
		B8D4219D2AB98BB500749F43 /* Info.plist */ = {isa = PBXFileReference; lastKnownFileType = text.plist.xml; path = Info.plist; sourceTree = "<group>"; };
		B8D421A22AB98BB500749F43 /* SwiftNotesTests.xctest */ = {isa = PBXFileReference; explicitFileType = wrapper.cfbundle; includeInIndex = 0; path = SwiftNotesTests.xctest; sourceTree = BUILT_PRODUCTS_DIR; };
		B8D421A62AB98BB500749F43 /* SwiftNotesTests.swift */ = {isa = PBXFileReference; lastKnownFileType = sourcecode.swift; path = SwiftNotesTests.swift; sourceTree = "<group>"; };
		B8D421AC2AB98BB500749F43 /* SwiftNotesUITests.xctest */ = {isa = PBXFileReference; explicitFileType = wrapper.cfbundle; includeInIndex = 0; path = SwiftNotesUITests.xctest; sourceTree = BUILT_PRODUCTS_DIR; };
		B8D421B02AB98BB500749F43 /* SwiftNotesUITests.swift */ = {isa = PBXFileReference; lastKnownFileType = sourcecode.swift; path = SwiftNotesUITests.swift; sourceTree = "<group>"; };
		B8D421B22AB98BB500749F43 /* SwiftNotesUITestsLaunchTests.swift */ = {isa = PBXFileReference; lastKnownFileType = sourcecode.swift; path = SwiftNotesUITestsLaunchTests.swift; sourceTree = "<group>"; };
		B8D421BF2AB98F5900749F43 /* DetailNoteView.swift */ = {isa = PBXFileReference; lastKnownFileType = sourcecode.swift; path = DetailNoteView.swift; sourceTree = "<group>"; };
/* End PBXFileReference section */

/* Begin PBXFrameworksBuildPhase section */
		B8D4218B2AB98BB400749F43 /* Frameworks */ = {
			isa = PBXFrameworksBuildPhase;
			buildActionMask = 2147483647;
			files = (
			);
			runOnlyForDeploymentPostprocessing = 0;
		};
		B8D4219F2AB98BB500749F43 /* Frameworks */ = {
			isa = PBXFrameworksBuildPhase;
			buildActionMask = 2147483647;
			files = (
			);
			runOnlyForDeploymentPostprocessing = 0;
		};
		B8D421A92AB98BB500749F43 /* Frameworks */ = {
			isa = PBXFrameworksBuildPhase;
			buildActionMask = 2147483647;
			files = (
			);
			runOnlyForDeploymentPostprocessing = 0;
		};
/* End PBXFrameworksBuildPhase section */

/* Begin PBXGroup section */
		B8D421852AB98BB300749F43 = {
			isa = PBXGroup;
			children = (
				B8D421902AB98BB400749F43 /* SwiftNotes */,
				B8D421A52AB98BB500749F43 /* SwiftNotesTests */,
				B8D421AF2AB98BB500749F43 /* SwiftNotesUITests */,
				B8D4218F2AB98BB400749F43 /* Products */,
			);
			sourceTree = "<group>";
		};
		B8D4218F2AB98BB400749F43 /* Products */ = {
			isa = PBXGroup;
			children = (
				B8D4218E2AB98BB400749F43 /* SwiftNotes.app */,
				B8D421A22AB98BB500749F43 /* SwiftNotesTests.xctest */,
				B8D421AC2AB98BB500749F43 /* SwiftNotesUITests.xctest */,
			);
			name = Products;
			sourceTree = "<group>";
		};
		B8D421902AB98BB400749F43 /* SwiftNotes */ = {
			isa = PBXGroup;
			children = (
				B8D421912AB98BB400749F43 /* SwiftNotesApp.swift */,
				B8D421932AB98BB400749F43 /* ContentView.swift */,
				B8D421BF2AB98F5900749F43 /* DetailNoteView.swift */,
				B8D421952AB98BB400749F43 /* Note.swift */,
				B8D421972AB98BB500749F43 /* Assets.xcassets */,
				B8D421992AB98BB500749F43 /* SwiftNotes.entitlements */,
				B8D4219D2AB98BB500749F43 /* Info.plist */,
				B8D4219A2AB98BB500749F43 /* Preview Content */,
			);
			path = SwiftNotes;
			sourceTree = "<group>";
		};
		B8D4219A2AB98BB500749F43 /* Preview Content */ = {
			isa = PBXGroup;
			children = (
				B8D4219B2AB98BB500749F43 /* Preview Assets.xcassets */,
			);
			path = "Preview Content";
			sourceTree = "<group>";
		};
		B8D421A52AB98BB500749F43 /* SwiftNotesTests */ = {
			isa = PBXGroup;
			children = (
				B8D421A62AB98BB500749F43 /* SwiftNotesTests.swift */,
			);
			path = SwiftNotesTests;
			sourceTree = "<group>";
		};
		B8D421AF2AB98BB500749F43 /* SwiftNotesUITests */ = {
			isa = PBXGroup;
			children = (
				B8D421B02AB98BB500749F43 /* SwiftNotesUITests.swift */,
				B8D421B22AB98BB500749F43 /* SwiftNotesUITestsLaunchTests.swift */,
			);
			path = SwiftNotesUITests;
			sourceTree = "<group>";
		};
/* End PBXGroup section */

/* Begin PBXNativeTarget section */
		B8D4218D2AB98BB400749F43 /* SwiftNotes */ = {
			isa = PBXNativeTarget;
			buildConfigurationList = B8D421B62AB98BB500749F43 /* Build configuration list for PBXNativeTarget "SwiftNotes" */;
			buildPhases = (
				B8D4218A2AB98BB400749F43 /* Sources */,
				B8D4218B2AB98BB400749F43 /* Frameworks */,
				B8D4218C2AB98BB400749F43 /* Resources */,
			);
			buildRules = (
			);
			dependencies = (
			);
			name = SwiftNotes;
			productName = SwiftNotes;
			productReference = B8D4218E2AB98BB400749F43 /* SwiftNotes.app */;
			productType = "com.apple.product-type.application";
		};
		B8D421A12AB98BB500749F43 /* SwiftNotesTests */ = {
			isa = PBXNativeTarget;
			buildConfigurationList = B8D421B92AB98BB500749F43 /* Build configuration list for PBXNativeTarget "SwiftNotesTests" */;
			buildPhases = (
				B8D4219E2AB98BB500749F43 /* Sources */,
				B8D4219F2AB98BB500749F43 /* Frameworks */,
				B8D421A02AB98BB500749F43 /* Resources */,
			);
			buildRules = (
			);
			dependencies = (
				B8D421A42AB98BB500749F43 /* PBXTargetDependency */,
			);
			name = SwiftNotesTests;
			productName = SwiftNotesTests;
			productReference = B8D421A22AB98BB500749F43 /* SwiftNotesTests.xctest */;
			productType = "com.apple.product-type.bundle.unit-test";
		};
		B8D421AB2AB98BB500749F43 /* SwiftNotesUITests */ = {
			isa = PBXNativeTarget;
			buildConfigurationList = B8D421BC2AB98BB500749F43 /* Build configuration list for PBXNativeTarget "SwiftNotesUITests" */;
			buildPhases = (
				B8D421A82AB98BB500749F43 /* Sources */,
				B8D421A92AB98BB500749F43 /* Frameworks */,
				B8D421AA2AB98BB500749F43 /* Resources */,
			);
			buildRules = (
			);
			dependencies = (
				B8D421AE2AB98BB500749F43 /* PBXTargetDependency */,
			);
			name = SwiftNotesUITests;
			productName = SwiftNotesUITests;
			productReference = B8D421AC2AB98BB500749F43 /* SwiftNotesUITests.xctest */;
			productType = "com.apple.product-type.bundle.ui-testing";
		};
/* End PBXNativeTarget section */

/* Begin PBXProject section */
		B8D421862AB98BB300749F43 /* Project object */ = {
			isa = PBXProject;
			attributes = {
				BuildIndependentTargetsInParallel = 1;
				LastSwiftUpdateCheck = 1500;
				LastUpgradeCheck = 1500;
				TargetAttributes = {
					B8D4218D2AB98BB400749F43 = {
						CreatedOnToolsVersion = 15.0;
					};
					B8D421A12AB98BB500749F43 = {
						CreatedOnToolsVersion = 15.0;
						TestTargetID = B8D4218D2AB98BB400749F43;
					};
					B8D421AB2AB98BB500749F43 = {
						CreatedOnToolsVersion = 15.0;
						TestTargetID = B8D4218D2AB98BB400749F43;
					};
				};
			};
			buildConfigurationList = B8D421892AB98BB300749F43 /* Build configuration list for PBXProject "SwiftNotes" */;
			compatibilityVersion = "Xcode 14.0";
			developmentRegion = en;
			hasScannedForEncodings = 0;
			knownRegions = (
				en,
				Base,
			);
			mainGroup = B8D421852AB98BB300749F43;
			productRefGroup = B8D4218F2AB98BB400749F43 /* Products */;
			projectDirPath = "";
			projectRoot = "";
			targets = (
				B8D4218D2AB98BB400749F43 /* SwiftNotes */,
				B8D421A12AB98BB500749F43 /* SwiftNotesTests */,
				B8D421AB2AB98BB500749F43 /* SwiftNotesUITests */,
			);
		};
/* End PBXProject section */

/* Begin PBXResourcesBuildPhase section */
		B8D4218C2AB98BB400749F43 /* Resources */ = {
			isa = PBXResourcesBuildPhase;
			buildActionMask = 2147483647;
			files = (
				B8D4219C2AB98BB500749F43 /* Preview Assets.xcassets in Resources */,
				B8D421982AB98BB500749F43 /* Assets.xcassets in Resources */,
			);
			runOnlyForDeploymentPostprocessing = 0;
		};
		B8D421A02AB98BB500749F43 /* Resources */ = {
			isa = PBXResourcesBuildPhase;
			buildActionMask = 2147483647;
			files = (
			);
			runOnlyForDeploymentPostprocessing = 0;
		};
		B8D421AA2AB98BB500749F43 /* Resources */ = {
			isa = PBXResourcesBuildPhase;
			buildActionMask = 2147483647;
			files = (
			);
			runOnlyForDeploymentPostprocessing = 0;
		};
/* End PBXResourcesBuildPhase section */

/* Begin PBXSourcesBuildPhase section */
		B8D4218A2AB98BB400749F43 /* Sources */ = {
			isa = PBXSourcesBuildPhase;
			buildActionMask = 2147483647;
			files = (
				B8D421942AB98BB400749F43 /* ContentView.swift in Sources */,
				B8D421962AB98BB400749F43 /* Note.swift in Sources */,
				B8D421922AB98BB400749F43 /* SwiftNotesApp.swift in Sources */,
				B8D421C02AB98F5900749F43 /* DetailNoteView.swift in Sources */,
			);
			runOnlyForDeploymentPostprocessing = 0;
		};
		B8D4219E2AB98BB500749F43 /* Sources */ = {
			isa = PBXSourcesBuildPhase;
			buildActionMask = 2147483647;
			files = (
				B8D421A72AB98BB500749F43 /* SwiftNotesTests.swift in Sources */,
			);
			runOnlyForDeploymentPostprocessing = 0;
		};
		B8D421A82AB98BB500749F43 /* Sources */ = {
			isa = PBXSourcesBuildPhase;
			buildActionMask = 2147483647;
			files = (
				B8D421B32AB98BB500749F43 /* SwiftNotesUITestsLaunchTests.swift in Sources */,
				B8D421B12AB98BB500749F43 /* SwiftNotesUITests.swift in Sources */,
			);
			runOnlyForDeploymentPostprocessing = 0;
		};
/* End PBXSourcesBuildPhase section */

/* Begin PBXTargetDependency section */
		B8D421A42AB98BB500749F43 /* PBXTargetDependency */ = {
			isa = PBXTargetDependency;
			target = B8D4218D2AB98BB400749F43 /* SwiftNotes */;
			targetProxy = B8D421A32AB98BB500749F43 /* PBXContainerItemProxy */;
		};
		B8D421AE2AB98BB500749F43 /* PBXTargetDependency */ = {
			isa = PBXTargetDependency;
			target = B8D4218D2AB98BB400749F43 /* SwiftNotes */;
			targetProxy = B8D421AD2AB98BB500749F43 /* PBXContainerItemProxy */;
		};
/* End PBXTargetDependency section */

/* Begin XCBuildConfiguration section */
		B8D421B42AB98BB500749F43 /* Debug */ = {
			isa = XCBuildConfiguration;
			buildSettings = {
				ALWAYS_SEARCH_USER_PATHS = NO;
				ASSETCATALOG_COMPILER_GENERATE_SWIFT_ASSET_SYMBOL_EXTENSIONS = YES;
				CLANG_ANALYZER_NONNULL = YES;
				CLANG_ANALYZER_NUMBER_OBJECT_CONVERSION = YES_AGGRESSIVE;
				CLANG_CXX_LANGUAGE_STANDARD = "gnu++20";
				CLANG_ENABLE_MODULES = YES;
				CLANG_ENABLE_OBJC_ARC = YES;
				CLANG_ENABLE_OBJC_WEAK = YES;
				CLANG_WARN_BLOCK_CAPTURE_AUTORELEASING = YES;
				CLANG_WARN_BOOL_CONVERSION = YES;
				CLANG_WARN_COMMA = YES;
				CLANG_WARN_CONSTANT_CONVERSION = YES;
				CLANG_WARN_DEPRECATED_OBJC_IMPLEMENTATIONS = YES;
				CLANG_WARN_DIRECT_OBJC_ISA_USAGE = YES_ERROR;
				CLANG_WARN_DOCUMENTATION_COMMENTS = YES;
				CLANG_WARN_EMPTY_BODY = YES;
				CLANG_WARN_ENUM_CONVERSION = YES;
				CLANG_WARN_INFINITE_RECURSION = YES;
				CLANG_WARN_INT_CONVERSION = YES;
				CLANG_WARN_NON_LITERAL_NULL_CONVERSION = YES;
				CLANG_WARN_OBJC_IMPLICIT_RETAIN_SELF = YES;
				CLANG_WARN_OBJC_LITERAL_CONVERSION = YES;
				CLANG_WARN_OBJC_ROOT_CLASS = YES_ERROR;
				CLANG_WARN_QUOTED_INCLUDE_IN_FRAMEWORK_HEADER = YES;
				CLANG_WARN_RANGE_LOOP_ANALYSIS = YES;
				CLANG_WARN_STRICT_PROTOTYPES = YES;
				CLANG_WARN_SUSPICIOUS_MOVE = YES;
				CLANG_WARN_UNGUARDED_AVAILABILITY = YES_AGGRESSIVE;
				CLANG_WARN_UNREACHABLE_CODE = YES;
				CLANG_WARN__DUPLICATE_METHOD_MATCH = YES;
				COPY_PHASE_STRIP = NO;
				DEBUG_INFORMATION_FORMAT = dwarf;
				ENABLE_STRICT_OBJC_MSGSEND = YES;
				ENABLE_TESTABILITY = YES;
				ENABLE_USER_SCRIPT_SANDBOXING = YES;
				GCC_C_LANGUAGE_STANDARD = gnu17;
				GCC_DYNAMIC_NO_PIC = NO;
				GCC_NO_COMMON_BLOCKS = YES;
				GCC_OPTIMIZATION_LEVEL = 0;
				GCC_PREPROCESSOR_DEFINITIONS = (
					"DEBUG=1",
					"$(inherited)",
				);
				GCC_WARN_64_TO_32_BIT_CONVERSION = YES;
				GCC_WARN_ABOUT_RETURN_TYPE = YES_ERROR;
				GCC_WARN_UNDECLARED_SELECTOR = YES;
				GCC_WARN_UNINITIALIZED_AUTOS = YES_AGGRESSIVE;
				GCC_WARN_UNUSED_FUNCTION = YES;
				GCC_WARN_UNUSED_VARIABLE = YES;
				LOCALIZATION_PREFERS_STRING_CATALOGS = YES;
				MTL_ENABLE_DEBUG_INFO = INCLUDE_SOURCE;
				MTL_FAST_MATH = YES;
				ONLY_ACTIVE_ARCH = YES;
				SWIFT_ACTIVE_COMPILATION_CONDITIONS = "DEBUG $(inherited)";
				SWIFT_OPTIMIZATION_LEVEL = "-Onone";
			};
			name = Debug;
		};
		B8D421B52AB98BB500749F43 /* Release */ = {
			isa = XCBuildConfiguration;
			buildSettings = {
				ALWAYS_SEARCH_USER_PATHS = NO;
				ASSETCATALOG_COMPILER_GENERATE_SWIFT_ASSET_SYMBOL_EXTENSIONS = YES;
				CLANG_ANALYZER_NONNULL = YES;
				CLANG_ANALYZER_NUMBER_OBJECT_CONVERSION = YES_AGGRESSIVE;
				CLANG_CXX_LANGUAGE_STANDARD = "gnu++20";
				CLANG_ENABLE_MODULES = YES;
				CLANG_ENABLE_OBJC_ARC = YES;
				CLANG_ENABLE_OBJC_WEAK = YES;
				CLANG_WARN_BLOCK_CAPTURE_AUTORELEASING = YES;
				CLANG_WARN_BOOL_CONVERSION = YES;
				CLANG_WARN_COMMA = YES;
				CLANG_WARN_CONSTANT_CONVERSION = YES;
				CLANG_WARN_DEPRECATED_OBJC_IMPLEMENTATIONS = YES;
				CLANG_WARN_DIRECT_OBJC_ISA_USAGE = YES_ERROR;
				CLANG_WARN_DOCUMENTATION_COMMENTS = YES;
				CLANG_WARN_EMPTY_BODY = YES;
				CLANG_WARN_ENUM_CONVERSION = YES;
				CLANG_WARN_INFINITE_RECURSION = YES;
				CLANG_WARN_INT_CONVERSION = YES;
				CLANG_WARN_NON_LITERAL_NULL_CONVERSION = YES;
				CLANG_WARN_OBJC_IMPLICIT_RETAIN_SELF = YES;
				CLANG_WARN_OBJC_LITERAL_CONVERSION = YES;
				CLANG_WARN_OBJC_ROOT_CLASS = YES_ERROR;
				CLANG_WARN_QUOTED_INCLUDE_IN_FRAMEWORK_HEADER = YES;
				CLANG_WARN_RANGE_LOOP_ANALYSIS = YES;
				CLANG_WARN_STRICT_PROTOTYPES = YES;
				CLANG_WARN_SUSPICIOUS_MOVE = YES;
				CLANG_WARN_UNGUARDED_AVAILABILITY = YES_AGGRESSIVE;
				CLANG_WARN_UNREACHABLE_CODE = YES;
				CLANG_WARN__DUPLICATE_METHOD_MATCH = YES;
				COPY_PHASE_STRIP = NO;
				DEBUG_INFORMATION_FORMAT = "dwarf-with-dsym";
				ENABLE_NS_ASSERTIONS = NO;
				ENABLE_STRICT_OBJC_MSGSEND = YES;
				ENABLE_USER_SCRIPT_SANDBOXING = YES;
				GCC_C_LANGUAGE_STANDARD = gnu17;
				GCC_NO_COMMON_BLOCKS = YES;
				GCC_WARN_64_TO_32_BIT_CONVERSION = YES;
				GCC_WARN_ABOUT_RETURN_TYPE = YES_ERROR;
				GCC_WARN_UNDECLARED_SELECTOR = YES;
				GCC_WARN_UNINITIALIZED_AUTOS = YES_AGGRESSIVE;
				GCC_WARN_UNUSED_FUNCTION = YES;
				GCC_WARN_UNUSED_VARIABLE = YES;
				LOCALIZATION_PREFERS_STRING_CATALOGS = YES;
				MTL_ENABLE_DEBUG_INFO = NO;
				MTL_FAST_MATH = YES;
				SWIFT_COMPILATION_MODE = wholemodule;
			};
			name = Release;
		};
		B8D421B72AB98BB500749F43 /* Debug */ = {
			isa = XCBuildConfiguration;
			buildSettings = {
				ASSETCATALOG_COMPILER_APPICON_NAME = AppIcon;
				ASSETCATALOG_COMPILER_GLOBAL_ACCENT_COLOR_NAME = AccentColor;
				CODE_SIGN_ENTITLEMENTS = SwiftNotes/SwiftNotes.entitlements;
				CODE_SIGN_STYLE = Automatic;
				CURRENT_PROJECT_VERSION = 1;
				DEVELOPMENT_ASSET_PATHS = "\"SwiftNotes/Preview Content\"";
				DEVELOPMENT_TEAM = 62APDV5ZU8;
				ENABLE_HARDENED_RUNTIME = YES;
				ENABLE_PREVIEWS = YES;
				GENERATE_INFOPLIST_FILE = YES;
				INFOPLIST_FILE = SwiftNotes/Info.plist;
				"INFOPLIST_KEY_UIApplicationSceneManifest_Generation[sdk=iphoneos*]" = YES;
				"INFOPLIST_KEY_UIApplicationSceneManifest_Generation[sdk=iphonesimulator*]" = YES;
				"INFOPLIST_KEY_UIApplicationSupportsIndirectInputEvents[sdk=iphoneos*]" = YES;
				"INFOPLIST_KEY_UIApplicationSupportsIndirectInputEvents[sdk=iphonesimulator*]" = YES;
				"INFOPLIST_KEY_UILaunchScreen_Generation[sdk=iphoneos*]" = YES;
				"INFOPLIST_KEY_UILaunchScreen_Generation[sdk=iphonesimulator*]" = YES;
				"INFOPLIST_KEY_UIStatusBarStyle[sdk=iphoneos*]" = UIStatusBarStyleDefault;
				"INFOPLIST_KEY_UIStatusBarStyle[sdk=iphonesimulator*]" = UIStatusBarStyleDefault;
				INFOPLIST_KEY_UISupportedInterfaceOrientations_iPad = "UIInterfaceOrientationPortrait UIInterfaceOrientationPortraitUpsideDown UIInterfaceOrientationLandscapeLeft UIInterfaceOrientationLandscapeRight";
				INFOPLIST_KEY_UISupportedInterfaceOrientations_iPhone = "UIInterfaceOrientationPortrait UIInterfaceOrientationLandscapeLeft UIInterfaceOrientationLandscapeRight";
				IPHONEOS_DEPLOYMENT_TARGET = 17.0;
				LD_RUNPATH_SEARCH_PATHS = "@executable_path/Frameworks";
				"LD_RUNPATH_SEARCH_PATHS[sdk=macosx*]" = "@executable_path/../Frameworks";
				MACOSX_DEPLOYMENT_TARGET = 14.0;
				MARKETING_VERSION = 1.0;
				PRODUCT_BUNDLE_IDENTIFIER = com.rain.SwiftNotes;
				PRODUCT_NAME = "$(TARGET_NAME)";
				SDKROOT = auto;
				SUPPORTED_PLATFORMS = "iphoneos iphonesimulator macosx";
				SWIFT_EMIT_LOC_STRINGS = YES;
				SWIFT_VERSION = 5.0;
				TARGETED_DEVICE_FAMILY = "1,2";
			};
			name = Debug;
		};
		B8D421B82AB98BB500749F43 /* Release */ = {
			isa = XCBuildConfiguration;
			buildSettings = {
				ASSETCATALOG_COMPILER_APPICON_NAME = AppIcon;
				ASSETCATALOG_COMPILER_GLOBAL_ACCENT_COLOR_NAME = AccentColor;
				CODE_SIGN_ENTITLEMENTS = SwiftNotes/SwiftNotes.entitlements;
				CODE_SIGN_STYLE = Automatic;
				CURRENT_PROJECT_VERSION = 1;
				DEVELOPMENT_ASSET_PATHS = "\"SwiftNotes/Preview Content\"";
				DEVELOPMENT_TEAM = 62APDV5ZU8;
				ENABLE_HARDENED_RUNTIME = YES;
				ENABLE_PREVIEWS = YES;
				GENERATE_INFOPLIST_FILE = YES;
				INFOPLIST_FILE = SwiftNotes/Info.plist;
				"INFOPLIST_KEY_UIApplicationSceneManifest_Generation[sdk=iphoneos*]" = YES;
				"INFOPLIST_KEY_UIApplicationSceneManifest_Generation[sdk=iphonesimulator*]" = YES;
				"INFOPLIST_KEY_UIApplicationSupportsIndirectInputEvents[sdk=iphoneos*]" = YES;
				"INFOPLIST_KEY_UIApplicationSupportsIndirectInputEvents[sdk=iphonesimulator*]" = YES;
				"INFOPLIST_KEY_UILaunchScreen_Generation[sdk=iphoneos*]" = YES;
				"INFOPLIST_KEY_UILaunchScreen_Generation[sdk=iphonesimulator*]" = YES;
				"INFOPLIST_KEY_UIStatusBarStyle[sdk=iphoneos*]" = UIStatusBarStyleDefault;
				"INFOPLIST_KEY_UIStatusBarStyle[sdk=iphonesimulator*]" = UIStatusBarStyleDefault;
				INFOPLIST_KEY_UISupportedInterfaceOrientations_iPad = "UIInterfaceOrientationPortrait UIInterfaceOrientationPortraitUpsideDown UIInterfaceOrientationLandscapeLeft UIInterfaceOrientationLandscapeRight";
				INFOPLIST_KEY_UISupportedInterfaceOrientations_iPhone = "UIInterfaceOrientationPortrait UIInterfaceOrientationLandscapeLeft UIInterfaceOrientationLandscapeRight";
				IPHONEOS_DEPLOYMENT_TARGET = 17.0;
				LD_RUNPATH_SEARCH_PATHS = "@executable_path/Frameworks";
				"LD_RUNPATH_SEARCH_PATHS[sdk=macosx*]" = "@executable_path/../Frameworks";
				MACOSX_DEPLOYMENT_TARGET = 14.0;
				MARKETING_VERSION = 1.0;
				PRODUCT_BUNDLE_IDENTIFIER = com.rain.SwiftNotes;
				PRODUCT_NAME = "$(TARGET_NAME)";
				SDKROOT = auto;
				SUPPORTED_PLATFORMS = "iphoneos iphonesimulator macosx";
				SWIFT_EMIT_LOC_STRINGS = YES;
				SWIFT_VERSION = 5.0;
				TARGETED_DEVICE_FAMILY = "1,2";
			};
			name = Release;
		};
		B8D421BA2AB98BB500749F43 /* Debug */ = {
			isa = XCBuildConfiguration;
			buildSettings = {
				ALWAYS_EMBED_SWIFT_STANDARD_LIBRARIES = YES;
				BUNDLE_LOADER = "$(TEST_HOST)";
				CODE_SIGN_STYLE = Automatic;
				CURRENT_PROJECT_VERSION = 1;
				DEVELOPMENT_TEAM = 62APDV5ZU8;
				GENERATE_INFOPLIST_FILE = YES;
				IPHONEOS_DEPLOYMENT_TARGET = 17.0;
				MACOSX_DEPLOYMENT_TARGET = 14.0;
				MARKETING_VERSION = 1.0;
				PRODUCT_BUNDLE_IDENTIFIER = com.rain.SwiftNotesTests;
				PRODUCT_NAME = "$(TARGET_NAME)";
				SDKROOT = auto;
				SUPPORTED_PLATFORMS = "iphoneos iphonesimulator macosx";
				SWIFT_EMIT_LOC_STRINGS = NO;
				SWIFT_VERSION = 5.0;
				TARGETED_DEVICE_FAMILY = "1,2";
				TEST_HOST = "$(BUILT_PRODUCTS_DIR)/SwiftNotes.app/$(BUNDLE_EXECUTABLE_FOLDER_PATH)/SwiftNotes";
			};
			name = Debug;
		};
		B8D421BB2AB98BB500749F43 /* Release */ = {
			isa = XCBuildConfiguration;
			buildSettings = {
				ALWAYS_EMBED_SWIFT_STANDARD_LIBRARIES = YES;
				BUNDLE_LOADER = "$(TEST_HOST)";
				CODE_SIGN_STYLE = Automatic;
				CURRENT_PROJECT_VERSION = 1;
				DEVELOPMENT_TEAM = 62APDV5ZU8;
				GENERATE_INFOPLIST_FILE = YES;
				IPHONEOS_DEPLOYMENT_TARGET = 17.0;
				MACOSX_DEPLOYMENT_TARGET = 14.0;
				MARKETING_VERSION = 1.0;
				PRODUCT_BUNDLE_IDENTIFIER = com.rain.SwiftNotesTests;
				PRODUCT_NAME = "$(TARGET_NAME)";
				SDKROOT = auto;
				SUPPORTED_PLATFORMS = "iphoneos iphonesimulator macosx";
				SWIFT_EMIT_LOC_STRINGS = NO;
				SWIFT_VERSION = 5.0;
				TARGETED_DEVICE_FAMILY = "1,2";
				TEST_HOST = "$(BUILT_PRODUCTS_DIR)/SwiftNotes.app/$(BUNDLE_EXECUTABLE_FOLDER_PATH)/SwiftNotes";
			};
			name = Release;
		};
		B8D421BD2AB98BB500749F43 /* Debug */ = {
			isa = XCBuildConfiguration;
			buildSettings = {
				ALWAYS_EMBED_SWIFT_STANDARD_LIBRARIES = YES;
				CODE_SIGN_STYLE = Automatic;
				CURRENT_PROJECT_VERSION = 1;
				DEVELOPMENT_TEAM = 62APDV5ZU8;
				GENERATE_INFOPLIST_FILE = YES;
				IPHONEOS_DEPLOYMENT_TARGET = 17.0;
				MACOSX_DEPLOYMENT_TARGET = 14.0;
				MARKETING_VERSION = 1.0;
				PRODUCT_BUNDLE_IDENTIFIER = com.rain.SwiftNotesUITests;
				PRODUCT_NAME = "$(TARGET_NAME)";
				SDKROOT = auto;
				SUPPORTED_PLATFORMS = "iphoneos iphonesimulator macosx";
				SWIFT_EMIT_LOC_STRINGS = NO;
				SWIFT_VERSION = 5.0;
				TARGETED_DEVICE_FAMILY = "1,2";
				TEST_TARGET_NAME = SwiftNotes;
			};
			name = Debug;
		};
		B8D421BE2AB98BB500749F43 /* Release */ = {
			isa = XCBuildConfiguration;
			buildSettings = {
				ALWAYS_EMBED_SWIFT_STANDARD_LIBRARIES = YES;
				CODE_SIGN_STYLE = Automatic;
				CURRENT_PROJECT_VERSION = 1;
				DEVELOPMENT_TEAM = 62APDV5ZU8;
				GENERATE_INFOPLIST_FILE = YES;
				IPHONEOS_DEPLOYMENT_TARGET = 17.0;
				MACOSX_DEPLOYMENT_TARGET = 14.0;
				MARKETING_VERSION = 1.0;
				PRODUCT_BUNDLE_IDENTIFIER = com.rain.SwiftNotesUITests;
				PRODUCT_NAME = "$(TARGET_NAME)";
				SDKROOT = auto;
				SUPPORTED_PLATFORMS = "iphoneos iphonesimulator macosx";
				SWIFT_EMIT_LOC_STRINGS = NO;
				SWIFT_VERSION = 5.0;
				TARGETED_DEVICE_FAMILY = "1,2";
				TEST_TARGET_NAME = SwiftNotes;
			};
			name = Release;
		};
/* End XCBuildConfiguration section */

/* Begin XCConfigurationList section */
		B8D421892AB98BB300749F43 /* Build configuration list for PBXProject "SwiftNotes" */ = {
			isa = XCConfigurationList;
			buildConfigurations = (
				B8D421B42AB98BB500749F43 /* Debug */,
				B8D421B52AB98BB500749F43 /* Release */,
			);
			defaultConfigurationIsVisible = 0;
			defaultConfigurationName = Release;
		};
		B8D421B62AB98BB500749F43 /* Build configuration list for PBXNativeTarget "SwiftNotes" */ = {
			isa = XCConfigurationList;
			buildConfigurations = (
				B8D421B72AB98BB500749F43 /* Debug */,
				B8D421B82AB98BB500749F43 /* Release */,
			);
			defaultConfigurationIsVisible = 0;
			defaultConfigurationName = Release;
		};
		B8D421B92AB98BB500749F43 /* Build configuration list for PBXNativeTarget "SwiftNotesTests" */ = {
			isa = XCConfigurationList;
			buildConfigurations = (
				B8D421BA2AB98BB500749F43 /* Debug */,
				B8D421BB2AB98BB500749F43 /* Release */,
			);
			defaultConfigurationIsVisible = 0;
			defaultConfigurationName = Release;
		};
		B8D421BC2AB98BB500749F43 /* Build configuration list for PBXNativeTarget "SwiftNotesUITests" */ = {
			isa = XCConfigurationList;
			buildConfigurations = (
				B8D421BD2AB98BB500749F43 /* Debug */,
				B8D421BE2AB98BB500749F43 /* Release */,
			);
			defaultConfigurationIsVisible = 0;
			defaultConfigurationName = Release;
		};
/* End XCConfigurationList section */
	};
	rootObject = B8D421862AB98BB300749F43 /* Project object */;
}
